
Microsoft Visual Studio Solution File, Format Version 12.00
# Visual Studio 15
VisualStudioVersion = 15.0.28307.572
MinimumVisualStudioVersion = 10.0.40219.1
Project("{FAE04EC0-301F-11D3-BF4B-00C04F79EFBC}") = "DAR.API", "DAR.API\DAR.API.csproj", "{8F848943-E5A1-41BD-9464-9D8049FCD9BA}"
EndProject
Global
	GlobalSection(SolutionConfigurationPlatforms) = preSolution
		Debug|Any CPU = Debug|Any CPU
		Release|Any CPU = Release|Any CPU
	EndGlobalSection
	GlobalSection(ProjectConfigurationPlatforms) = postSolution
		{8F848943-E5A1-41BD-9464-9D8049FCD9BA}.Debug|Any CPU.ActiveCfg = Debug|Any CPU
		{8F848943-E5A1-41BD-9464-9D8049FCD9BA}.Debug|Any CPU.Build.0 = Debug|Any CPU
		{8F848943-E5A1-41BD-9464-9D8049FCD9BA}.Release|Any CPU.ActiveCfg = Release|Any CPU
		{8F848943-E5A1-41BD-9464-9D8049FCD9BA}.Release|Any CPU.Build.0 = Release|Any CPU
	EndGlobalSection
	GlobalSection(SolutionProperties) = preSolution
		HideSolutionNode = FALSE
	EndGlobalSection
	GlobalSection(ExtensibilityGlobals) = postSolution
		SolutionGuid = {7738B8F2-B4D0-4EE8-A854-EACAEA354525}
	EndGlobalSection
EndGlobal
